# THIS IS AN AUTOGENERATED FILE. DO NOT EDIT THIS FILE DIRECTLY.
# yarn lockfile v1


"@types/sqlstring@^2.2.1":
  version "2.2.1"
  resolved "https://registry.yarnpkg.com/@types/sqlstring/-/sqlstring-2.2.1.tgz#5c1459ce14be0e74bd9648097bbee58f5c669f20"
  integrity sha512-aoPCWl1XeUuVXslgwN06FKhVyJq8rqlKk2czbEnk9+R0OQd+JPJDmOjySnULGTeZzr6YB6+3VyFrEiOlFoMgYA==

sqlstring@^2.3.2:
  version "2.3.2"
  resolved "https://registry.yarnpkg.com/sqlstring/-/sqlstring-2.3.2.tgz#cdae7169389a1375b18e885f2e60b3e460809514"
  integrity sha512-vF4ZbYdKS8OnoJAWBmMxCQDkiEBkGQYU7UZPtL8flbDRSNkhaXvRJ279ZtI6M+zDaQovVU4tuRgzK5fVhvFAhg==

typescript@^4.1.2:
  version "4.1.2"
  resolved "https://registry.yarnpkg.com/typescript/-/typescript-4.1.2.tgz#6369ef22516fe5e10304aae5a5c4862db55380e9"
  integrity sha512-thGloWsGH3SOxv1SoY7QojKi0tc+8FnOmiarEGMbd/lar7QOEd3hvlx3Fp5y6FlDUGl9L+pd4n2e+oToGMmhRQ==
